// !$*UTF8*$!
{
	archiveVersion = 1;
	classes = {
	};
	objectVersion = 55;
	objects = {

/* Begin PBXBuildFile section */
		D1FD5E6D28AFCB5200B14E6C /* LandmarksApp.swift in Sources */ = {isa = PBXBuildFile; fileRef = D1FD5E6C28AFCB5200B14E6C /* LandmarksApp.swift */; };
		D1FD5E6F28AFCB5200B14E6C /* ContentView.swift in Sources */ = {isa = PBXBuildFile; fileRef = D1FD5E6E28AFCB5200B14E6C /* ContentView.swift */; };
		D1FD5E7128AFCB5A00B14E6C /* Assets.xcassets in Resources */ = {isa = PBXBuildFile; fileRef = D1FD5E7028AFCB5A00B14E6C /* Assets.xcassets */; };
		D1FD5E7428AFCB5A00B14E6C /* Preview Assets.xcassets in Resources */ = {isa = PBXBuildFile; fileRef = D1FD5E7328AFCB5A00B14E6C /* Preview Assets.xcassets */; };
		D1FD5E7B28AFD1F400B14E6C /* CircleImage.swift in Sources */ = {isa = PBXBuildFile; fileRef = D1FD5E7A28AFD1F400B14E6C /* CircleImage.swift */; };
		D1FD5E7F28AFD3FA00B14E6C /* MapView.swift in Sources */ = {isa = PBXBuildFile; fileRef = D1FD5E7E28AFD3FA00B14E6C /* MapView.swift */; };
		D1FD5E8128AFDED100B14E6C /* landmarkData.json in Resources */ = {isa = PBXBuildFile; fileRef = D1FD5E8028AFDED100B14E6C /* landmarkData.json */; };
		D1FD5E8528AFDF5900B14E6C /* Landmark.swift in Sources */ = {isa = PBXBuildFile; fileRef = D1FD5E8428AFDF5900B14E6C /* Landmark.swift */; };
		D1FD5E8728AFEA9000B14E6C /* ModelData.swift in Sources */ = {isa = PBXBuildFile; fileRef = D1FD5E8628AFEA9000B14E6C /* ModelData.swift */; };
		D1FD5E8F28AFF01A00B14E6C /* LandmarkRow.swift in Sources */ = {isa = PBXBuildFile; fileRef = D1FD5E8E28AFF01A00B14E6C /* LandmarkRow.swift */; };
		D1FD5E9128AFF61200B14E6C /* LandmarkList.swift in Sources */ = {isa = PBXBuildFile; fileRef = D1FD5E9028AFF61200B14E6C /* LandmarkList.swift */; };
		D1FD5E9328AFFD6600B14E6C /* LandmarkDetail.swift in Sources */ = {isa = PBXBuildFile; fileRef = D1FD5E9228AFFD6600B14E6C /* LandmarkDetail.swift */; };
		D1FD5E9528B0B20000B14E6C /* FavoriteButton.swift in Sources */ = {isa = PBXBuildFile; fileRef = D1FD5E9428B0B20000B14E6C /* FavoriteButton.swift */; };
/* End PBXBuildFile section */

/* Begin PBXFileReference section */
		D1FD5E6928AFCB5200B14E6C /* Landmarks.app */ = {isa = PBXFileReference; explicitFileType = wrapper.application; includeInIndex = 0; path = Landmarks.app; sourceTree = BUILT_PRODUCTS_DIR; };
		D1FD5E6C28AFCB5200B14E6C /* LandmarksApp.swift */ = {isa = PBXFileReference; lastKnownFileType = sourcecode.swift; path = LandmarksApp.swift; sourceTree = "<group>"; };
		D1FD5E6E28AFCB5200B14E6C /* ContentView.swift */ = {isa = PBXFileReference; lastKnownFileType = sourcecode.swift; path = ContentView.swift; sourceTree = "<group>"; };
		D1FD5E7028AFCB5A00B14E6C /* Assets.xcassets */ = {isa = PBXFileReference; lastKnownFileType = folder.assetcatalog; path = Assets.xcassets; sourceTree = "<group>"; };
		D1FD5E7328AFCB5A00B14E6C /* Preview Assets.xcassets */ = {isa = PBXFileReference; lastKnownFileType = folder.assetcatalog; path = "Preview Assets.xcassets"; sourceTree = "<group>"; };
		D1FD5E7A28AFD1F400B14E6C /* CircleImage.swift */ = {isa = PBXFileReference; lastKnownFileType = sourcecode.swift; path = CircleImage.swift; sourceTree = "<group>"; };
		D1FD5E7E28AFD3FA00B14E6C /* MapView.swift */ = {isa = PBXFileReference; lastKnownFileType = sourcecode.swift; path = MapView.swift; sourceTree = "<group>"; };
		D1FD5E8028AFDED100B14E6C /* landmarkData.json */ = {isa = PBXFileReference; fileEncoding = 4; lastKnownFileType = text.json; path = landmarkData.json; sourceTree = "<group>"; };
		D1FD5E8428AFDF5900B14E6C /* Landmark.swift */ = {isa = PBXFileReference; lastKnownFileType = sourcecode.swift; name = Landmark.swift; path = Landmarks/Model/Landmark.swift; sourceTree = SOURCE_ROOT; };
		D1FD5E8628AFEA9000B14E6C /* ModelData.swift */ = {isa = PBXFileReference; lastKnownFileType = sourcecode.swift; path = ModelData.swift; sourceTree = "<group>"; };
		D1FD5E8E28AFF01A00B14E6C /* LandmarkRow.swift */ = {isa = PBXFileReference; lastKnownFileType = sourcecode.swift; path = LandmarkRow.swift; sourceTree = "<group>"; };
		D1FD5E9028AFF61200B14E6C /* LandmarkList.swift */ = {isa = PBXFileReference; lastKnownFileType = sourcecode.swift; path = LandmarkList.swift; sourceTree = "<group>"; };
		D1FD5E9228AFFD6600B14E6C /* LandmarkDetail.swift */ = {isa = PBXFileReference; lastKnownFileType = sourcecode.swift; path = LandmarkDetail.swift; sourceTree = "<group>"; };
		D1FD5E9428B0B20000B14E6C /* FavoriteButton.swift */ = {isa = PBXFileReference; lastKnownFileType = sourcecode.swift; path = FavoriteButton.swift; sourceTree = "<group>"; };
/* End PBXFileReference section */

/* Begin PBXFrameworksBuildPhase section */
		D1FD5E6628AFCB5200B14E6C /* Frameworks */ = {
			isa = PBXFrameworksBuildPhase;
			buildActionMask = 2147483647;
			files = (
			);
			runOnlyForDeploymentPostprocessing = 0;
		};
/* End PBXFrameworksBuildPhase section */

/* Begin PBXGroup section */
		D1FD5E6028AFCB5200B14E6C = {
			isa = PBXGroup;
			children = (
				D1FD5E6B28AFCB5200B14E6C /* Landmarks */,
				D1FD5E6A28AFCB5200B14E6C /* Products */,
			);
			sourceTree = "<group>";
		};
		D1FD5E6A28AFCB5200B14E6C /* Products */ = {
			isa = PBXGroup;
			children = (
				D1FD5E6928AFCB5200B14E6C /* Landmarks.app */,
			);
			name = Products;
			sourceTree = "<group>";
		};
		D1FD5E6B28AFCB5200B14E6C /* Landmarks */ = {
			isa = PBXGroup;
			children = (
				D1FD5E8B28AFEE9500B14E6C /* Resources */,
				D1FD5E8A28AFEE8400B14E6C /* Model */,
				D1FD5E8828AFEE6C00B14E6C /* Views */,
				D1FD5E6C28AFCB5200B14E6C /* LandmarksApp.swift */,
				D1FD5E7028AFCB5A00B14E6C /* Assets.xcassets */,
				D1FD5E7228AFCB5A00B14E6C /* Preview Content */,
			);
			path = Landmarks;
			sourceTree = "<group>";
		};
		D1FD5E7228AFCB5A00B14E6C /* Preview Content */ = {
			isa = PBXGroup;
			children = (
				D1FD5E7328AFCB5A00B14E6C /* Preview Assets.xcassets */,
			);
			path = "Preview Content";
			sourceTree = "<group>";
		};
		D1FD5E8828AFEE6C00B14E6C /* Views */ = {
			isa = PBXGroup;
			children = (
				D1FD5E6E28AFCB5200B14E6C /* ContentView.swift */,
				D1FD5E9728B0B38600B14E6C /* Helpers */,
				D1FD5E9828B0B3A700B14E6C /* Landmarks */,
			);
			path = Views;
			sourceTree = "<group>";
		};
		D1FD5E8A28AFEE8400B14E6C /* Model */ = {
			isa = PBXGroup;
			children = (
				D1FD5E8628AFEA9000B14E6C /* ModelData.swift */,
				D1FD5E8428AFDF5900B14E6C /* Landmark.swift */,
			);
			path = Model;
			sourceTree = "<group>";
		};
		D1FD5E8B28AFEE9500B14E6C /* Resources */ = {
			isa = PBXGroup;
			children = (
				D1FD5E8028AFDED100B14E6C /* landmarkData.json */,
			);
			path = Resources;
			sourceTree = "<group>";
		};
		D1FD5E9728B0B38600B14E6C /* Helpers */ = {
			isa = PBXGroup;
			children = (
				D1FD5E7A28AFD1F400B14E6C /* CircleImage.swift */,
				D1FD5E7E28AFD3FA00B14E6C /* MapView.swift */,
				D1FD5E9428B0B20000B14E6C /* FavoriteButton.swift */,
			);
			path = Helpers;
			sourceTree = "<group>";
		};
		D1FD5E9828B0B3A700B14E6C /* Landmarks */ = {
			isa = PBXGroup;
			children = (
				D1FD5E8E28AFF01A00B14E6C /* LandmarkRow.swift */,
				D1FD5E9028AFF61200B14E6C /* LandmarkList.swift */,
				D1FD5E9228AFFD6600B14E6C /* LandmarkDetail.swift */,
			);
			path = Landmarks;
			sourceTree = "<group>";
		};
/* End PBXGroup section */

/* Begin PBXNativeTarget section */
		D1FD5E6828AFCB5200B14E6C /* Landmarks */ = {
			isa = PBXNativeTarget;
			buildConfigurationList = D1FD5E7728AFCB5A00B14E6C /* Build configuration list for PBXNativeTarget "Landmarks" */;
			buildPhases = (
				D1FD5E6528AFCB5200B14E6C /* Sources */,
				D1FD5E6628AFCB5200B14E6C /* Frameworks */,
				D1FD5E6728AFCB5200B14E6C /* Resources */,
			);
			buildRules = (
			);
			dependencies = (
			);
			name = Landmarks;
			productName = Landmarks;
			productReference = D1FD5E6928AFCB5200B14E6C /* Landmarks.app */;
			productType = "com.apple.product-type.application";
		};
/* End PBXNativeTarget section */

/* Begin PBXProject section */
		D1FD5E6128AFCB5200B14E6C /* Project object */ = {
			isa = PBXProject;
			attributes = {
				BuildIndependentTargetsInParallel = 1;
				LastSwiftUpdateCheck = 1340;
				LastUpgradeCheck = 1340;
				TargetAttributes = {
					D1FD5E6828AFCB5200B14E6C = {
						CreatedOnToolsVersion = 13.4.1;
					};
				};
			};
			buildConfigurationList = D1FD5E6428AFCB5200B14E6C /* Build configuration list for PBXProject "Landmarks" */;
			compatibilityVersion = "Xcode 13.0";
			developmentRegion = en;
			hasScannedForEncodings = 0;
			knownRegions = (
				en,
				Base,
			);
			mainGroup = D1FD5E6028AFCB5200B14E6C;
			productRefGroup = D1FD5E6A28AFCB5200B14E6C /* Products */;
			projectDirPath = "";
			projectRoot = "";
			targets = (
				D1FD5E6828AFCB5200B14E6C /* Landmarks */,
			);
		};
/* End PBXProject section */

/* Begin PBXResourcesBuildPhase section */
		D1FD5E6728AFCB5200B14E6C /* Resources */ = {
			isa = PBXResourcesBuildPhase;
			buildActionMask = 2147483647;
			files = (
				D1FD5E7428AFCB5A00B14E6C /* Preview Assets.xcassets in Resources */,
				D1FD5E7128AFCB5A00B14E6C /* Assets.xcassets in Resources */,
				D1FD5E8128AFDED100B14E6C /* landmarkData.json in Resources */,
			);
			runOnlyForDeploymentPostprocessing = 0;
		};
/* End PBXResourcesBuildPhase section */

/* Begin PBXSourcesBuildPhase section */
		D1FD5E6528AFCB5200B14E6C /* Sources */ = {
			isa = PBXSourcesBuildPhase;
			buildActionMask = 2147483647;
			files = (
				D1FD5E6F28AFCB5200B14E6C /* ContentView.swift in Sources */,
				D1FD5E7F28AFD3FA00B14E6C /* MapView.swift in Sources */,
				D1FD5E6D28AFCB5200B14E6C /* LandmarksApp.swift in Sources */,
				D1FD5E9528B0B20000B14E6C /* FavoriteButton.swift in Sources */,
				D1FD5E9128AFF61200B14E6C /* LandmarkList.swift in Sources */,
				D1FD5E9328AFFD6600B14E6C /* LandmarkDetail.swift in Sources */,
				D1FD5E7B28AFD1F400B14E6C /* CircleImage.swift in Sources */,
				D1FD5E8528AFDF5900B14E6C /* Landmark.swift in Sources */,
				D1FD5E8F28AFF01A00B14E6C /* LandmarkRow.swift in Sources */,
				D1FD5E8728AFEA9000B14E6C /* ModelData.swift in Sources */,
			);
			runOnlyForDeploymentPostprocessing = 0;
		};
/* End PBXSourcesBuildPhase section */

/* Begin XCBuildConfiguration section */
		D1FD5E7528AFCB5A00B14E6C /* Debug */ = {
			isa = XCBuildConfiguration;
			buildSettings = {
				ALWAYS_SEARCH_USER_PATHS = NO;
				CLANG_ANALYZER_NONNULL = YES;
				CLANG_ANALYZER_NUMBER_OBJECT_CONVERSION = YES_AGGRESSIVE;
				CLANG_CXX_LANGUAGE_STANDARD = "gnu++17";
				CLANG_ENABLE_MODULES = YES;
				CLANG_ENABLE_OBJC_ARC = YES;
				CLANG_ENABLE_OBJC_WEAK = YES;
				CLANG_WARN_BLOCK_CAPTURE_AUTORELEASING = YES;
				CLANG_WARN_BOOL_CONVERSION = YES;
				CLANG_WARN_COMMA = YES;
				CLANG_WARN_CONSTANT_CONVERSION = YES;
				CLANG_WARN_DEPRECATED_OBJC_IMPLEMENTATIONS = YES;
				CLANG_WARN_DIRECT_OBJC_ISA_USAGE = YES_ERROR;
				CLANG_WARN_DOCUMENTATION_COMMENTS = YES;
				CLANG_WARN_EMPTY_BODY = YES;
				CLANG_WARN_ENUM_CONVERSION = YES;
				CLANG_WARN_INFINITE_RECURSION = YES;
				CLANG_WARN_INT_CONVERSION = YES;
				CLANG_WARN_NON_LITERAL_NULL_CONVERSION = YES;
				CLANG_WARN_OBJC_IMPLICIT_RETAIN_SELF = YES;
				CLANG_WARN_OBJC_LITERAL_CONVERSION = YES;
				CLANG_WARN_OBJC_ROOT_CLASS = YES_ERROR;
				CLANG_WARN_QUOTED_INCLUDE_IN_FRAMEWORK_HEADER = YES;
				CLANG_WARN_RANGE_LOOP_ANALYSIS = YES;
				CLANG_WARN_STRICT_PROTOTYPES = YES;
				CLANG_WARN_SUSPICIOUS_MOVE = YES;
				CLANG_WARN_UNGUARDED_AVAILABILITY = YES_AGGRESSIVE;
				CLANG_WARN_UNREACHABLE_CODE = YES;
				CLANG_WARN__DUPLICATE_METHOD_MATCH = YES;
				COPY_PHASE_STRIP = NO;
				DEBUG_INFORMATION_FORMAT = dwarf;
				ENABLE_STRICT_OBJC_MSGSEND = YES;
				ENABLE_TESTABILITY = YES;
				GCC_C_LANGUAGE_STANDARD = gnu11;
				GCC_DYNAMIC_NO_PIC = NO;
				GCC_NO_COMMON_BLOCKS = YES;
				GCC_OPTIMIZATION_LEVEL = 0;
				GCC_PREPROCESSOR_DEFINITIONS = (
					"DEBUG=1",
					"$(inherited)",
				);
				GCC_WARN_64_TO_32_BIT_CONVERSION = YES;
				GCC_WARN_ABOUT_RETURN_TYPE = YES_ERROR;
				GCC_WARN_UNDECLARED_SELECTOR = YES;
				GCC_WARN_UNINITIALIZED_AUTOS = YES_AGGRESSIVE;
				GCC_WARN_UNUSED_FUNCTION = YES;
				GCC_WARN_UNUSED_VARIABLE = YES;
				IPHONEOS_DEPLOYMENT_TARGET = 15.5;
				MTL_ENABLE_DEBUG_INFO = INCLUDE_SOURCE;
				MTL_FAST_MATH = YES;
				ONLY_ACTIVE_ARCH = YES;
				SDKROOT = iphoneos;
				SWIFT_ACTIVE_COMPILATION_CONDITIONS = DEBUG;
				SWIFT_OPTIMIZATION_LEVEL = "-Onone";
			};
			name = Debug;
		};
		D1FD5E7628AFCB5A00B14E6C /* Release */ = {
			isa = XCBuildConfiguration;
			buildSettings = {
				ALWAYS_SEARCH_USER_PATHS = NO;
				CLANG_ANALYZER_NONNULL = YES;
				CLANG_ANALYZER_NUMBER_OBJECT_CONVERSION = YES_AGGRESSIVE;
				CLANG_CXX_LANGUAGE_STANDARD = "gnu++17";
				CLANG_ENABLE_MODULES = YES;
				CLANG_ENABLE_OBJC_ARC = YES;
				CLANG_ENABLE_OBJC_WEAK = YES;
				CLANG_WARN_BLOCK_CAPTURE_AUTORELEASING = YES;
				CLANG_WARN_BOOL_CONVERSION = YES;
				CLANG_WARN_COMMA = YES;
				CLANG_WARN_CONSTANT_CONVERSION = YES;
				CLANG_WARN_DEPRECATED_OBJC_IMPLEMENTATIONS = YES;
				CLANG_WARN_DIRECT_OBJC_ISA_USAGE = YES_ERROR;
				CLANG_WARN_DOCUMENTATION_COMMENTS = YES;
				CLANG_WARN_EMPTY_BODY = YES;
				CLANG_WARN_ENUM_CONVERSION = YES;
				CLANG_WARN_INFINITE_RECURSION = YES;
				CLANG_WARN_INT_CONVERSION = YES;
				CLANG_WARN_NON_LITERAL_NULL_CONVERSION = YES;
				CLANG_WARN_OBJC_IMPLICIT_RETAIN_SELF = YES;
				CLANG_WARN_OBJC_LITERAL_CONVERSION = YES;
				CLANG_WARN_OBJC_ROOT_CLASS = YES_ERROR;
				CLANG_WARN_QUOTED_INCLUDE_IN_FRAMEWORK_HEADER = YES;
				CLANG_WARN_RANGE_LOOP_ANALYSIS = YES;
				CLANG_WARN_STRICT_PROTOTYPES = YES;
				CLANG_WARN_SUSPICIOUS_MOVE = YES;
				CLANG_WARN_UNGUARDED_AVAILABILITY = YES_AGGRESSIVE;
				CLANG_WARN_UNREACHABLE_CODE = YES;
				CLANG_WARN__DUPLICATE_METHOD_MATCH = YES;
				COPY_PHASE_STRIP = NO;
				DEBUG_INFORMATION_FORMAT = "dwarf-with-dsym";
				ENABLE_NS_ASSERTIONS = NO;
				ENABLE_STRICT_OBJC_MSGSEND = YES;
				GCC_C_LANGUAGE_STANDARD = gnu11;
				GCC_NO_COMMON_BLOCKS = YES;
				GCC_WARN_64_TO_32_BIT_CONVERSION = YES;
				GCC_WARN_ABOUT_RETURN_TYPE = YES_ERROR;
				GCC_WARN_UNDECLARED_SELECTOR = YES;
				GCC_WARN_UNINITIALIZED_AUTOS = YES_AGGRESSIVE;
				GCC_WARN_UNUSED_FUNCTION = YES;
				GCC_WARN_UNUSED_VARIABLE = YES;
				IPHONEOS_DEPLOYMENT_TARGET = 15.5;
				MTL_ENABLE_DEBUG_INFO = NO;
				MTL_FAST_MATH = YES;
				SDKROOT = iphoneos;
				SWIFT_COMPILATION_MODE = wholemodule;
				SWIFT_OPTIMIZATION_LEVEL = "-O";
				VALIDATE_PRODUCT = YES;
			};
			name = Release;
		};
		D1FD5E7828AFCB5A00B14E6C /* Debug */ = {
			isa = XCBuildConfiguration;
			buildSettings = {
				ASSETCATALOG_COMPILER_APPICON_NAME = AppIcon;
				ASSETCATALOG_COMPILER_GLOBAL_ACCENT_COLOR_NAME = AccentColor;
				CODE_SIGN_STYLE = Automatic;
				CURRENT_PROJECT_VERSION = 1;
				DEVELOPMENT_ASSET_PATHS = "\"Landmarks/Preview Content\"";
				ENABLE_PREVIEWS = YES;
				GENERATE_INFOPLIST_FILE = YES;
				INFOPLIST_KEY_UIApplicationSceneManifest_Generation = YES;
				INFOPLIST_KEY_UIApplicationSupportsIndirectInputEvents = YES;
				INFOPLIST_KEY_UILaunchScreen_Generation = YES;
				INFOPLIST_KEY_UISupportedInterfaceOrientations_iPad = "UIInterfaceOrientationPortrait UIInterfaceOrientationPortraitUpsideDown UIInterfaceOrientationLandscapeLeft UIInterfaceOrientationLandscapeRight";
				INFOPLIST_KEY_UISupportedInterfaceOrientations_iPhone = "UIInterfaceOrientationPortrait UIInterfaceOrientationLandscapeLeft UIInterfaceOrientationLandscapeRight";
				LD_RUNPATH_SEARCH_PATHS = (
					"$(inherited)",
					"@executable_path/Frameworks",
				);
				MARKETING_VERSION = 1.0;
				PRODUCT_BUNDLE_IDENTIFIER = com.sumitApps.Landmarks;
				PRODUCT_NAME = "$(TARGET_NAME)";
				SWIFT_EMIT_LOC_STRINGS = YES;
				SWIFT_VERSION = 5.0;
				TARGETED_DEVICE_FAMILY = "1,2";
			};
			name = Debug;
		};
		D1FD5E7928AFCB5A00B14E6C /* Release */ = {
			isa = XCBuildConfiguration;
			buildSettings = {
				ASSETCATALOG_COMPILER_APPICON_NAME = AppIcon;
				ASSETCATALOG_COMPILER_GLOBAL_ACCENT_COLOR_NAME = AccentColor;
				CODE_SIGN_STYLE = Automatic;
				CURRENT_PROJECT_VERSION = 1;
				DEVELOPMENT_ASSET_PATHS = "\"Landmarks/Preview Content\"";
				ENABLE_PREVIEWS = YES;
				GENERATE_INFOPLIST_FILE = YES;
				INFOPLIST_KEY_UIApplicationSceneManifest_Generation = YES;
				INFOPLIST_KEY_UIApplicationSupportsIndirectInputEvents = YES;
				INFOPLIST_KEY_UILaunchScreen_Generation = YES;
				INFOPLIST_KEY_UISupportedInterfaceOrientations_iPad = "UIInterfaceOrientationPortrait UIInterfaceOrientationPortraitUpsideDown UIInterfaceOrientationLandscapeLeft UIInterfaceOrientationLandscapeRight";
				INFOPLIST_KEY_UISupportedInterfaceOrientations_iPhone = "UIInterfaceOrientationPortrait UIInterfaceOrientationLandscapeLeft UIInterfaceOrientationLandscapeRight";
				LD_RUNPATH_SEARCH_PATHS = (
					"$(inherited)",
					"@executable_path/Frameworks",
				);
				MARKETING_VERSION = 1.0;
				PRODUCT_BUNDLE_IDENTIFIER = com.sumitApps.Landmarks;
				PRODUCT_NAME = "$(TARGET_NAME)";
				SWIFT_EMIT_LOC_STRINGS = YES;
				SWIFT_VERSION = 5.0;
				TARGETED_DEVICE_FAMILY = "1,2";
			};
			name = Release;
		};
/* End XCBuildConfiguration section */

/* Begin XCConfigurationList section */
		D1FD5E6428AFCB5200B14E6C /* Build configuration list for PBXProject "Landmarks" */ = {
			isa = XCConfigurationList;
			buildConfigurations = (
				D1FD5E7528AFCB5A00B14E6C /* Debug */,
				D1FD5E7628AFCB5A00B14E6C /* Release */,
			);
			defaultConfigurationIsVisible = 0;
			defaultConfigurationName = Release;
		};
		D1FD5E7728AFCB5A00B14E6C /* Build configuration list for PBXNativeTarget "Landmarks" */ = {
			isa = XCConfigurationList;
			buildConfigurations = (
				D1FD5E7828AFCB5A00B14E6C /* Debug */,
				D1FD5E7928AFCB5A00B14E6C /* Release */,
			);
			defaultConfigurationIsVisible = 0;
			defaultConfigurationName = Release;
		};
/* End XCConfigurationList section */
	};
	rootObject = D1FD5E6128AFCB5200B14E6C /* Project object */;
}
